dependencies:
- name: postgresql
  repository: https://charts.bitnami.com/bitnami
  version: 11.9.13
- name: pgadmin4
  repository: https://helm.runix.net
  version: 1.13.6
- name: irs-helm
  repository: https://catenax-ng.github.io/product-item-relationship-service
  version: 2.1.0
digest: sha256:e7e94348078580f674712d1a99c2dd5a837c495e12db9941175b0e24950d3573
generated: "2022-12-02T12:44:17.017661+01:00"
